
Microsoft Visual Studio Solution File, Format Version 12.00
# Visual Studio 14
VisualStudioVersion = 14.0.25123.0
MinimumVisualStudioVersion = 10.0.40219.1
Project("{FAE04EC0-301F-11D3-BF4B-00C04F79EFBC}") = "Rozmawiator", "Rozmawiator\Rozmawiator.csproj", "{CBF6106D-E73F-4DED-A84A-79C159430211}"
EndProject
Project("{FAE04EC0-301F-11D3-BF4B-00C04F79EFBC}") = "Rozmawiator.Audio", "Rozmawiator.Audio\Rozmawiator.Audio.csproj", "{CD5A48CB-AC2B-43E9-BB05-136E8BAC188F}"
EndProject
Project("{2150E333-8FDC-42A3-9474-1A3956D46DE8}") = "Client", "Client", "{B2797B12-E5CC-4A67-92EE-3B60069CE2A3}"
EndProject
Project("{2150E333-8FDC-42A3-9474-1A3956D46DE8}") = "Server", "Server", "{B8BC6D5E-1F15-4155-9D84-FF281923E6EE}"
EndProject
Project("{FAE04EC0-301F-11D3-BF4B-00C04F79EFBC}") = "Rozmawiator.Server.Api", "Rozmawiator.Server.Api\Rozmawiator.Server.Api.csproj", "{CB43F620-3806-4271-AE8A-D301C2BFFF6C}"
EndProject
Project("{2150E333-8FDC-42A3-9474-1A3956D46DE8}") = "Shared", "Shared", "{F60912FA-5BC8-4447-9AE2-CCC450381917}"
EndProject
Project("{FAE04EC0-301F-11D3-BF4B-00C04F79EFBC}") = "Rozmawiator.Shared", "Rozmawiator.Shared\Rozmawiator.Shared.csproj", "{ED52D6A8-FE5B-48E4-A66F-E8CEA78205FB}"
EndProject
Project("{FAE04EC0-301F-11D3-BF4B-00C04F79EFBC}") = "Rozmawiator.Server", "Rozmawiator.Server\Rozmawiator.Server.csproj", "{09A200D7-301A-4BEA-8582-9A0225AD2E46}"
EndProject
Project("{FAE04EC0-301F-11D3-BF4B-00C04F79EFBC}") = "Rozmawiator.Server.Configuration", "Rozmawiator.Server.Configuration\Rozmawiator.Server.Configuration.csproj", "{42D8F708-44F2-4CC3-A764-6E7B420D2515}"
EndProject
Project("{FAE04EC0-301F-11D3-BF4B-00C04F79EFBC}") = "Rozmawiator.ClientApi", "Rozmawiator.ClientApi\Rozmawiator.ClientApi.csproj", "{8F2E073A-C63F-4A9E-9909-876C17E47276}"
EndProject
Project("{FAE04EC0-301F-11D3-BF4B-00C04F79EFBC}") = "Rozmawiator.ConsoleTest", "Rozmawiator.ConsoleTest\Rozmawiator.ConsoleTest.csproj", "{E115E75E-FE6B-4CE2-923F-81F963E2B720}"
EndProject
Global
	GlobalSection(SolutionConfigurationPlatforms) = preSolution
		Debug|Any CPU = Debug|Any CPU
		Release|Any CPU = Release|Any CPU
	EndGlobalSection
	GlobalSection(ProjectConfigurationPlatforms) = postSolution
		{CBF6106D-E73F-4DED-A84A-79C159430211}.Debug|Any CPU.ActiveCfg = Debug|Any CPU
		{CBF6106D-E73F-4DED-A84A-79C159430211}.Debug|Any CPU.Build.0 = Debug|Any CPU
		{CBF6106D-E73F-4DED-A84A-79C159430211}.Release|Any CPU.ActiveCfg = Release|Any CPU
		{CBF6106D-E73F-4DED-A84A-79C159430211}.Release|Any CPU.Build.0 = Release|Any CPU
		{CD5A48CB-AC2B-43E9-BB05-136E8BAC188F}.Debug|Any CPU.ActiveCfg = Debug|Any CPU
		{CD5A48CB-AC2B-43E9-BB05-136E8BAC188F}.Debug|Any CPU.Build.0 = Debug|Any CPU
		{CD5A48CB-AC2B-43E9-BB05-136E8BAC188F}.Release|Any CPU.ActiveCfg = Release|Any CPU
		{CD5A48CB-AC2B-43E9-BB05-136E8BAC188F}.Release|Any CPU.Build.0 = Release|Any CPU
		{CB43F620-3806-4271-AE8A-D301C2BFFF6C}.Debug|Any CPU.ActiveCfg = Debug|Any CPU
		{CB43F620-3806-4271-AE8A-D301C2BFFF6C}.Debug|Any CPU.Build.0 = Debug|Any CPU
		{CB43F620-3806-4271-AE8A-D301C2BFFF6C}.Release|Any CPU.ActiveCfg = Release|Any CPU
		{CB43F620-3806-4271-AE8A-D301C2BFFF6C}.Release|Any CPU.Build.0 = Release|Any CPU
		{ED52D6A8-FE5B-48E4-A66F-E8CEA78205FB}.Debug|Any CPU.ActiveCfg = Debug|Any CPU
		{ED52D6A8-FE5B-48E4-A66F-E8CEA78205FB}.Debug|Any CPU.Build.0 = Debug|Any CPU
		{ED52D6A8-FE5B-48E4-A66F-E8CEA78205FB}.Release|Any CPU.ActiveCfg = Release|Any CPU
		{ED52D6A8-FE5B-48E4-A66F-E8CEA78205FB}.Release|Any CPU.Build.0 = Release|Any CPU
		{09A200D7-301A-4BEA-8582-9A0225AD2E46}.Debug|Any CPU.ActiveCfg = Debug|Any CPU
		{09A200D7-301A-4BEA-8582-9A0225AD2E46}.Debug|Any CPU.Build.0 = Debug|Any CPU
		{09A200D7-301A-4BEA-8582-9A0225AD2E46}.Release|Any CPU.ActiveCfg = Release|Any CPU
		{09A200D7-301A-4BEA-8582-9A0225AD2E46}.Release|Any CPU.Build.0 = Release|Any CPU
		{42D8F708-44F2-4CC3-A764-6E7B420D2515}.Debug|Any CPU.ActiveCfg = Debug|Any CPU
		{42D8F708-44F2-4CC3-A764-6E7B420D2515}.Debug|Any CPU.Build.0 = Debug|Any CPU
		{42D8F708-44F2-4CC3-A764-6E7B420D2515}.Release|Any CPU.ActiveCfg = Release|Any CPU
		{42D8F708-44F2-4CC3-A764-6E7B420D2515}.Release|Any CPU.Build.0 = Release|Any CPU
		{8F2E073A-C63F-4A9E-9909-876C17E47276}.Debug|Any CPU.ActiveCfg = Debug|Any CPU
		{8F2E073A-C63F-4A9E-9909-876C17E47276}.Debug|Any CPU.Build.0 = Debug|Any CPU
		{8F2E073A-C63F-4A9E-9909-876C17E47276}.Release|Any CPU.ActiveCfg = Release|Any CPU
		{8F2E073A-C63F-4A9E-9909-876C17E47276}.Release|Any CPU.Build.0 = Release|Any CPU
		{E115E75E-FE6B-4CE2-923F-81F963E2B720}.Debug|Any CPU.ActiveCfg = Debug|Any CPU
		{E115E75E-FE6B-4CE2-923F-81F963E2B720}.Debug|Any CPU.Build.0 = Debug|Any CPU
		{E115E75E-FE6B-4CE2-923F-81F963E2B720}.Release|Any CPU.ActiveCfg = Release|Any CPU
		{E115E75E-FE6B-4CE2-923F-81F963E2B720}.Release|Any CPU.Build.0 = Release|Any CPU
	EndGlobalSection
	GlobalSection(SolutionProperties) = preSolution
		HideSolutionNode = FALSE
	EndGlobalSection
	GlobalSection(NestedProjects) = preSolution
		{CBF6106D-E73F-4DED-A84A-79C159430211} = {B2797B12-E5CC-4A67-92EE-3B60069CE2A3}
		{CD5A48CB-AC2B-43E9-BB05-136E8BAC188F} = {B2797B12-E5CC-4A67-92EE-3B60069CE2A3}
		{CB43F620-3806-4271-AE8A-D301C2BFFF6C} = {B8BC6D5E-1F15-4155-9D84-FF281923E6EE}
		{ED52D6A8-FE5B-48E4-A66F-E8CEA78205FB} = {F60912FA-5BC8-4447-9AE2-CCC450381917}
		{09A200D7-301A-4BEA-8582-9A0225AD2E46} = {B8BC6D5E-1F15-4155-9D84-FF281923E6EE}
		{42D8F708-44F2-4CC3-A764-6E7B420D2515} = {B8BC6D5E-1F15-4155-9D84-FF281923E6EE}
		{8F2E073A-C63F-4A9E-9909-876C17E47276} = {B2797B12-E5CC-4A67-92EE-3B60069CE2A3}
		{E115E75E-FE6B-4CE2-923F-81F963E2B720} = {B2797B12-E5CC-4A67-92EE-3B60069CE2A3}
	EndGlobalSection
EndGlobal
