
Microsoft Visual Studio Solution File, Format Version 12.00
# Visual Studio 14
VisualStudioVersion = 14.0.25123.0
MinimumVisualStudioVersion = 10.0.40219.1
Project("{FAE04EC0-301F-11D3-BF4B-00C04F79EFBC}") = "Rozmawiator", "Rozmawiator\Rozmawiator.csproj", "{CBF6106D-E73F-4DED-A84A-79C159430211}"
EndProject
Project("{FAE04EC0-301F-11D3-BF4B-00C04F79EFBC}") = "Rozmawiator.Audio", "Rozmawiator.Audio\Rozmawiator.Audio.csproj", "{CD5A48CB-AC2B-43E9-BB05-136E8BAC188F}"
EndProject
Project("{2150E333-8FDC-42A3-9474-1A3956D46DE8}") = "Client", "Client", "{B2797B12-E5CC-4A67-92EE-3B60069CE2A3}"
EndProject
Project("{2150E333-8FDC-42A3-9474-1A3956D46DE8}") = "Server", "Server", "{B8BC6D5E-1F15-4155-9D84-FF281923E6EE}"
EndProject
Project("{FAE04EC0-301F-11D3-BF4B-00C04F79EFBC}") = "Rozmawiator.Server.Api", "Rozmawiator.Server.Api\Rozmawiator.Server.Api.csproj", "{CB43F620-3806-4271-AE8A-D301C2BFFF6C}"
EndProject
Project("{2150E333-8FDC-42A3-9474-1A3956D46DE8}") = "Shared", "Shared", "{F60912FA-5BC8-4447-9AE2-CCC450381917}"
EndProject
Project("{FAE04EC0-301F-11D3-BF4B-00C04F79EFBC}") = "Rozmawiator.Server", "Rozmawiator.Server\Rozmawiator.Server.csproj", "{09A200D7-301A-4BEA-8582-9A0225AD2E46}"
EndProject
Project("{FAE04EC0-301F-11D3-BF4B-00C04F79EFBC}") = "Rozmawiator.Server.Configuration", "Rozmawiator.Server.Configuration\Rozmawiator.Server.Configuration.csproj", "{42D8F708-44F2-4CC3-A764-6E7B420D2515}"
EndProject
Project("{FAE04EC0-301F-11D3-BF4B-00C04F79EFBC}") = "Rozmawiator.ClientApi", "Rozmawiator.ClientApi\Rozmawiator.ClientApi.csproj", "{8F2E073A-C63F-4A9E-9909-876C17E47276}"
EndProject
Project("{FAE04EC0-301F-11D3-BF4B-00C04F79EFBC}") = "Rozmawiator.ConsoleTest", "Rozmawiator.ConsoleTest\Rozmawiator.ConsoleTest.csproj", "{E115E75E-FE6B-4CE2-923F-81F963E2B720}"
EndProject
Project("{2150E333-8FDC-42A3-9474-1A3956D46DE8}") = "Database", "Database", "{F71AFA87-EC9F-4A19-8C68-FE5D7F4DC194}"
EndProject
Project("{FAE04EC0-301F-11D3-BF4B-00C04F79EFBC}") = "Rozmawiator.Database", "Rozmawiator.Database\Rozmawiator.Database.csproj", "{81F4BF3E-7481-41FE-A3F4-0395EB1A71A9}"
EndProject
Project("{2150E333-8FDC-42A3-9474-1A3956D46DE8}") = "Api", "Api", "{D32111DD-0737-4298-AAB0-BE0B73F12E06}"
EndProject
Project("{FAE04EC0-301F-11D3-BF4B-00C04F79EFBC}") = "Rozmawiator.Rest", "Rozmawiator.Rest\Rozmawiator.Rest.csproj", "{E6CC44F7-C91B-4E30-BA91-9C35C425CF10}"
EndProject
Project("{FAE04EC0-301F-11D3-BF4B-00C04F79EFBC}") = "Rozmawiator.Database.ViewModels", "Rozmawiator.Database.ViewModels\Rozmawiator.Database.ViewModels.csproj", "{216B81AA-F4A4-46AE-8AAE-7B07B84B476D}"
EndProject
Project("{FAE04EC0-301F-11D3-BF4B-00C04F79EFBC}") = "Rozmawiator.RestClient", "Rozmawiator.RestClient\Rozmawiator.RestClient.csproj", "{B98DBBBB-5964-418E-B222-C1E369062314}"
EndProject
Project("{FAE04EC0-301F-11D3-BF4B-00C04F79EFBC}") = "Rozmawiator.Request", "Rozmawiator.Request\Rozmawiator.Request.csproj", "{6B556B17-D5B2-45CA-888D-1155E7E0860B}"
EndProject
Project("{FAE04EC0-301F-11D3-BF4B-00C04F79EFBC}") = "Rozmawiator.Communication", "Rozmawiator.Communication\Rozmawiator.Communication.csproj", "{A71CDB11-FBFF-4CFE-B3A2-1F32B9F19914}"
EndProject
Global
	GlobalSection(SolutionConfigurationPlatforms) = preSolution
		Debug|Any CPU = Debug|Any CPU
		Release|Any CPU = Release|Any CPU
	EndGlobalSection
	GlobalSection(ProjectConfigurationPlatforms) = postSolution
		{CBF6106D-E73F-4DED-A84A-79C159430211}.Debug|Any CPU.ActiveCfg = Debug|Any CPU
		{CBF6106D-E73F-4DED-A84A-79C159430211}.Debug|Any CPU.Build.0 = Debug|Any CPU
		{CBF6106D-E73F-4DED-A84A-79C159430211}.Release|Any CPU.ActiveCfg = Release|Any CPU
		{CBF6106D-E73F-4DED-A84A-79C159430211}.Release|Any CPU.Build.0 = Release|Any CPU
		{CD5A48CB-AC2B-43E9-BB05-136E8BAC188F}.Debug|Any CPU.ActiveCfg = Debug|Any CPU
		{CD5A48CB-AC2B-43E9-BB05-136E8BAC188F}.Debug|Any CPU.Build.0 = Debug|Any CPU
		{CD5A48CB-AC2B-43E9-BB05-136E8BAC188F}.Release|Any CPU.ActiveCfg = Release|Any CPU
		{CD5A48CB-AC2B-43E9-BB05-136E8BAC188F}.Release|Any CPU.Build.0 = Release|Any CPU
		{CB43F620-3806-4271-AE8A-D301C2BFFF6C}.Debug|Any CPU.ActiveCfg = Debug|Any CPU
		{CB43F620-3806-4271-AE8A-D301C2BFFF6C}.Debug|Any CPU.Build.0 = Debug|Any CPU
		{CB43F620-3806-4271-AE8A-D301C2BFFF6C}.Release|Any CPU.ActiveCfg = Release|Any CPU
		{CB43F620-3806-4271-AE8A-D301C2BFFF6C}.Release|Any CPU.Build.0 = Release|Any CPU
		{09A200D7-301A-4BEA-8582-9A0225AD2E46}.Debug|Any CPU.ActiveCfg = Debug|Any CPU
		{09A200D7-301A-4BEA-8582-9A0225AD2E46}.Debug|Any CPU.Build.0 = Debug|Any CPU
		{09A200D7-301A-4BEA-8582-9A0225AD2E46}.Release|Any CPU.ActiveCfg = Release|Any CPU
		{09A200D7-301A-4BEA-8582-9A0225AD2E46}.Release|Any CPU.Build.0 = Release|Any CPU
		{42D8F708-44F2-4CC3-A764-6E7B420D2515}.Debug|Any CPU.ActiveCfg = Debug|Any CPU
		{42D8F708-44F2-4CC3-A764-6E7B420D2515}.Debug|Any CPU.Build.0 = Debug|Any CPU
		{42D8F708-44F2-4CC3-A764-6E7B420D2515}.Release|Any CPU.ActiveCfg = Release|Any CPU
		{42D8F708-44F2-4CC3-A764-6E7B420D2515}.Release|Any CPU.Build.0 = Release|Any CPU
		{8F2E073A-C63F-4A9E-9909-876C17E47276}.Debug|Any CPU.ActiveCfg = Debug|Any CPU
		{8F2E073A-C63F-4A9E-9909-876C17E47276}.Debug|Any CPU.Build.0 = Debug|Any CPU
		{8F2E073A-C63F-4A9E-9909-876C17E47276}.Release|Any CPU.ActiveCfg = Release|Any CPU
		{8F2E073A-C63F-4A9E-9909-876C17E47276}.Release|Any CPU.Build.0 = Release|Any CPU
		{E115E75E-FE6B-4CE2-923F-81F963E2B720}.Debug|Any CPU.ActiveCfg = Debug|Any CPU
		{E115E75E-FE6B-4CE2-923F-81F963E2B720}.Debug|Any CPU.Build.0 = Debug|Any CPU
		{E115E75E-FE6B-4CE2-923F-81F963E2B720}.Release|Any CPU.ActiveCfg = Release|Any CPU
		{E115E75E-FE6B-4CE2-923F-81F963E2B720}.Release|Any CPU.Build.0 = Release|Any CPU
		{81F4BF3E-7481-41FE-A3F4-0395EB1A71A9}.Debug|Any CPU.ActiveCfg = Debug|Any CPU
		{81F4BF3E-7481-41FE-A3F4-0395EB1A71A9}.Debug|Any CPU.Build.0 = Debug|Any CPU
		{81F4BF3E-7481-41FE-A3F4-0395EB1A71A9}.Release|Any CPU.ActiveCfg = Release|Any CPU
		{81F4BF3E-7481-41FE-A3F4-0395EB1A71A9}.Release|Any CPU.Build.0 = Release|Any CPU
		{E6CC44F7-C91B-4E30-BA91-9C35C425CF10}.Debug|Any CPU.ActiveCfg = Debug|Any CPU
		{E6CC44F7-C91B-4E30-BA91-9C35C425CF10}.Debug|Any CPU.Build.0 = Debug|Any CPU
		{E6CC44F7-C91B-4E30-BA91-9C35C425CF10}.Release|Any CPU.ActiveCfg = Release|Any CPU
		{E6CC44F7-C91B-4E30-BA91-9C35C425CF10}.Release|Any CPU.Build.0 = Release|Any CPU
		{216B81AA-F4A4-46AE-8AAE-7B07B84B476D}.Debug|Any CPU.ActiveCfg = Debug|Any CPU
		{216B81AA-F4A4-46AE-8AAE-7B07B84B476D}.Debug|Any CPU.Build.0 = Debug|Any CPU
		{216B81AA-F4A4-46AE-8AAE-7B07B84B476D}.Release|Any CPU.ActiveCfg = Release|Any CPU
		{216B81AA-F4A4-46AE-8AAE-7B07B84B476D}.Release|Any CPU.Build.0 = Release|Any CPU
		{B98DBBBB-5964-418E-B222-C1E369062314}.Debug|Any CPU.ActiveCfg = Debug|Any CPU
		{B98DBBBB-5964-418E-B222-C1E369062314}.Debug|Any CPU.Build.0 = Debug|Any CPU
		{B98DBBBB-5964-418E-B222-C1E369062314}.Release|Any CPU.ActiveCfg = Release|Any CPU
		{B98DBBBB-5964-418E-B222-C1E369062314}.Release|Any CPU.Build.0 = Release|Any CPU
		{6B556B17-D5B2-45CA-888D-1155E7E0860B}.Debug|Any CPU.ActiveCfg = Debug|Any CPU
		{6B556B17-D5B2-45CA-888D-1155E7E0860B}.Debug|Any CPU.Build.0 = Debug|Any CPU
		{6B556B17-D5B2-45CA-888D-1155E7E0860B}.Release|Any CPU.ActiveCfg = Release|Any CPU
		{6B556B17-D5B2-45CA-888D-1155E7E0860B}.Release|Any CPU.Build.0 = Release|Any CPU
		{A71CDB11-FBFF-4CFE-B3A2-1F32B9F19914}.Debug|Any CPU.ActiveCfg = Debug|Any CPU
		{A71CDB11-FBFF-4CFE-B3A2-1F32B9F19914}.Debug|Any CPU.Build.0 = Debug|Any CPU
		{A71CDB11-FBFF-4CFE-B3A2-1F32B9F19914}.Release|Any CPU.ActiveCfg = Release|Any CPU
		{A71CDB11-FBFF-4CFE-B3A2-1F32B9F19914}.Release|Any CPU.Build.0 = Release|Any CPU
	EndGlobalSection
	GlobalSection(SolutionProperties) = preSolution
		HideSolutionNode = FALSE
	EndGlobalSection
	GlobalSection(NestedProjects) = preSolution
		{CBF6106D-E73F-4DED-A84A-79C159430211} = {B2797B12-E5CC-4A67-92EE-3B60069CE2A3}
		{CD5A48CB-AC2B-43E9-BB05-136E8BAC188F} = {B2797B12-E5CC-4A67-92EE-3B60069CE2A3}
		{CB43F620-3806-4271-AE8A-D301C2BFFF6C} = {B8BC6D5E-1F15-4155-9D84-FF281923E6EE}
		{09A200D7-301A-4BEA-8582-9A0225AD2E46} = {B8BC6D5E-1F15-4155-9D84-FF281923E6EE}
		{42D8F708-44F2-4CC3-A764-6E7B420D2515} = {B8BC6D5E-1F15-4155-9D84-FF281923E6EE}
		{8F2E073A-C63F-4A9E-9909-876C17E47276} = {B2797B12-E5CC-4A67-92EE-3B60069CE2A3}
		{E115E75E-FE6B-4CE2-923F-81F963E2B720} = {B2797B12-E5CC-4A67-92EE-3B60069CE2A3}
		{81F4BF3E-7481-41FE-A3F4-0395EB1A71A9} = {F71AFA87-EC9F-4A19-8C68-FE5D7F4DC194}
		{E6CC44F7-C91B-4E30-BA91-9C35C425CF10} = {D32111DD-0737-4298-AAB0-BE0B73F12E06}
		{216B81AA-F4A4-46AE-8AAE-7B07B84B476D} = {F71AFA87-EC9F-4A19-8C68-FE5D7F4DC194}
		{B98DBBBB-5964-418E-B222-C1E369062314} = {B2797B12-E5CC-4A67-92EE-3B60069CE2A3}
		{6B556B17-D5B2-45CA-888D-1155E7E0860B} = {F60912FA-5BC8-4447-9AE2-CCC450381917}
		{A71CDB11-FBFF-4CFE-B3A2-1F32B9F19914} = {F60912FA-5BC8-4447-9AE2-CCC450381917}
	EndGlobalSection
EndGlobal
